
Microsoft Visual Studio Solution File, Format Version 12.00
# Visual Studio Version 17
VisualStudioVersion = 17.10.34916.146
MinimumVisualStudioVersion = 10.0.40219.1
Project("{FAE04EC0-301F-11D3-BF4B-00C04F79EFBC}") = "Exercicio7Switch", "Exercicio7Switch\Exercicio7Switch.csproj", "{5FC42CF6-40A5-43B6-930B-1A5DC8C894BF}"
EndProject
Global
	GlobalSection(SolutionConfigurationPlatforms) = preSolution
		Debug|Any CPU = Debug|Any CPU
		Release|Any CPU = Release|Any CPU
	EndGlobalSection
	GlobalSection(ProjectConfigurationPlatforms) = postSolution
		{5FC42CF6-40A5-43B6-930B-1A5DC8C894BF}.Debug|Any CPU.ActiveCfg = Debug|Any CPU
		{5FC42CF6-40A5-43B6-930B-1A5DC8C894BF}.Debug|Any CPU.Build.0 = Debug|Any CPU
		{5FC42CF6-40A5-43B6-930B-1A5DC8C894BF}.Release|Any CPU.ActiveCfg = Release|Any CPU
		{5FC42CF6-40A5-43B6-930B-1A5DC8C894BF}.Release|Any CPU.Build.0 = Release|Any CPU
	EndGlobalSection
	GlobalSection(SolutionProperties) = preSolution
		HideSolutionNode = FALSE
	EndGlobalSection
	GlobalSection(ExtensibilityGlobals) = postSolution
		SolutionGuid = {B6D03750-179C-490F-B9D9-6499DEBCC820}
	EndGlobalSection
EndGlobal
